
Microsoft Visual Studio Solution File, Format Version 12.00
# Visual Studio Version 17
VisualStudioVersion = 17.7.34031.279
MinimumVisualStudioVersion = 10.0.40219.1
Project("{9A19103F-16F7-4668-BE54-9A1E7A4F7556}") = "WebApi", "WebApi\WebApi.csproj", "{E1D93857-E2BB-41C0-B8F3-8E6805DC8EF1}"
EndProject
Project("{FAE04EC0-301F-11D3-BF4B-00C04F79EFBC}") = "UnitTest", "UnitTest\UnitTest.csproj", "{D2E82777-DD93-46DA-A1BB-647A3A343787}"
EndProject
Global
	GlobalSection(SolutionConfigurationPlatforms) = preSolution
		Debug|Any CPU = Debug|Any CPU
		Release|Any CPU = Release|Any CPU
	EndGlobalSection
	GlobalSection(ProjectConfigurationPlatforms) = postSolution
		{E1D93857-E2BB-41C0-B8F3-8E6805DC8EF1}.Debug|Any CPU.ActiveCfg = Debug|Any CPU
		{E1D93857-E2BB-41C0-B8F3-8E6805DC8EF1}.Debug|Any CPU.Build.0 = Debug|Any CPU
		{E1D93857-E2BB-41C0-B8F3-8E6805DC8EF1}.Release|Any CPU.ActiveCfg = Release|Any CPU
		{E1D93857-E2BB-41C0-B8F3-8E6805DC8EF1}.Release|Any CPU.Build.0 = Release|Any CPU
		{D2E82777-DD93-46DA-A1BB-647A3A343787}.Debug|Any CPU.ActiveCfg = Debug|Any CPU
		{D2E82777-DD93-46DA-A1BB-647A3A343787}.Debug|Any CPU.Build.0 = Debug|Any CPU
		{D2E82777-DD93-46DA-A1BB-647A3A343787}.Release|Any CPU.ActiveCfg = Release|Any CPU
		{D2E82777-DD93-46DA-A1BB-647A3A343787}.Release|Any CPU.Build.0 = Release|Any CPU
	EndGlobalSection
	GlobalSection(SolutionProperties) = preSolution
		HideSolutionNode = FALSE
	EndGlobalSection
	GlobalSection(ExtensibilityGlobals) = postSolution
		SolutionGuid = {9C6E6E60-C74B-4A05-8484-59F37A5AA753}
	EndGlobalSection
EndGlobal
